// !$*UTF8*$!
{
	archiveVersion = 1;
	classes = {
	};
	objectVersion = 56;
	objects = {

/* Begin PBXBuildFile section */
		3A4BEFD62BA7D86600B80407 /* TinderDemoApp.swift in Sources */ = {isa = PBXBuildFile; fileRef = 3A4BEFD52BA7D86600B80407 /* TinderDemoApp.swift */; };
		3A4BEFDA2BA7D86800B80407 /* Assets.xcassets in Resources */ = {isa = PBXBuildFile; fileRef = 3A4BEFD92BA7D86800B80407 /* Assets.xcassets */; };
		3A4BEFDD2BA7D86800B80407 /* Preview Assets.xcassets in Resources */ = {isa = PBXBuildFile; fileRef = 3A4BEFDC2BA7D86800B80407 /* Preview Assets.xcassets */; };
		3A4BEFF12BA7D92400B80407 /* MainTabView.swift in Sources */ = {isa = PBXBuildFile; fileRef = 3A4BEFF02BA7D92400B80407 /* MainTabView.swift */; };
		3A4BEFF42BA7DB0B00B80407 /* CardCellView.swift in Sources */ = {isa = PBXBuildFile; fileRef = 3A4BEFF32BA7DB0B00B80407 /* CardCellView.swift */; };
		3A4BEFF62BA7DBFE00B80407 /* UserInfoView.swift in Sources */ = {isa = PBXBuildFile; fileRef = 3A4BEFF52BA7DBFE00B80407 /* UserInfoView.swift */; };
		3A4BEFF82BA80CDD00B80407 /* SwipeActionIndicatorView.swift in Sources */ = {isa = PBXBuildFile; fileRef = 3A4BEFF72BA80CDD00B80407 /* SwipeActionIndicatorView.swift */; };
		3A4BEFFB2BA80E8F00B80407 /* SizeConstant.swift in Sources */ = {isa = PBXBuildFile; fileRef = 3A4BEFFA2BA80E8F00B80407 /* SizeConstant.swift */; };
		3A4BEFFE2BA80FC200B80407 /* ImageScrollingOverlayView.swift in Sources */ = {isa = PBXBuildFile; fileRef = 3A4BEFFD2BA80FC200B80407 /* ImageScrollingOverlayView.swift */; };
		3A4BF0002BA8131600B80407 /* CardImageIndicatorView.swift in Sources */ = {isa = PBXBuildFile; fileRef = 3A4BEFFF2BA8131600B80407 /* CardImageIndicatorView.swift */; };
		3A4BF0022BA8158100B80407 /* CardStackView.swift in Sources */ = {isa = PBXBuildFile; fileRef = 3A4BF0012BA8158100B80407 /* CardStackView.swift */; };
		3A4BF0042BA8177000B80407 /* User.swift in Sources */ = {isa = PBXBuildFile; fileRef = 3A4BF0032BA8177000B80407 /* User.swift */; };
		3A4BF0062BA817C500B80407 /* CardModel.swift in Sources */ = {isa = PBXBuildFile; fileRef = 3A4BF0052BA817C500B80407 /* CardModel.swift */; };
		3A4BF0092BA8180600B80407 /* CardViewModel.swift in Sources */ = {isa = PBXBuildFile; fileRef = 3A4BF0082BA8180600B80407 /* CardViewModel.swift */; };
		3A4BF00D2BA8186A00B80407 /* CardService.swift in Sources */ = {isa = PBXBuildFile; fileRef = 3A4BF00C2BA8186A00B80407 /* CardService.swift */; };
		3A4BF0102BA8191200B80407 /* MockData.swift in Sources */ = {isa = PBXBuildFile; fileRef = 3A4BF00F2BA8191200B80407 /* MockData.swift */; };
		3A4BF0142BA8639D00B80407 /* SwipeActionButtonsView.swift in Sources */ = {isa = PBXBuildFile; fileRef = 3A4BF0132BA8639D00B80407 /* SwipeActionButtonsView.swift */; };
		3A4BF0162BA864C600B80407 /* SwipeAction.swift in Sources */ = {isa = PBXBuildFile; fileRef = 3A4BF0152BA864C600B80407 /* SwipeAction.swift */; };
		3A4BF0192BA870AB00B80407 /* CardView.swift in Sources */ = {isa = PBXBuildFile; fileRef = 3A4BF0182BA870AB00B80407 /* CardView.swift */; };
		3A4BF01B2BA9D14000B80407 /* UserProfileView.swift in Sources */ = {isa = PBXBuildFile; fileRef = 3A4BF01A2BA9D14000B80407 /* UserProfileView.swift */; };
		3A4BF01F2BAB967E00B80407 /* CurrentUserProfileView.swift in Sources */ = {isa = PBXBuildFile; fileRef = 3A4BF01E2BAB967E00B80407 /* CurrentUserProfileView.swift */; };
		3A4BF0212BAB96A600B80407 /* CurrentUserProfileHeaderView.swift in Sources */ = {isa = PBXBuildFile; fileRef = 3A4BF0202BAB96A600B80407 /* CurrentUserProfileHeaderView.swift */; };
		3A4BF0242BAB9A1E00B80407 /* EditProfileView.swift in Sources */ = {isa = PBXBuildFile; fileRef = 3A4BF0232BAB9A1E00B80407 /* EditProfileView.swift */; };
		3A4BF0262BAB9B0800B80407 /* ProfileImageGridView.swift in Sources */ = {isa = PBXBuildFile; fileRef = 3A4BF0252BAB9B0800B80407 /* ProfileImageGridView.swift */; };
		3A4BF0292BABA13D00B80407 /* UserMatchView.swift in Sources */ = {isa = PBXBuildFile; fileRef = 3A4BF0282BABA13D00B80407 /* UserMatchView.swift */; };
		3A4BF02C2BABA52B00B80407 /* MatchManager.swift in Sources */ = {isa = PBXBuildFile; fileRef = 3A4BF02B2BABA52B00B80407 /* MatchManager.swift */; };
/* End PBXBuildFile section */

/* Begin PBXFileReference section */
		3A4BEFD22BA7D86600B80407 /* TinderDemo.app */ = {isa = PBXFileReference; explicitFileType = wrapper.application; includeInIndex = 0; path = TinderDemo.app; sourceTree = BUILT_PRODUCTS_DIR; };
		3A4BEFD52BA7D86600B80407 /* TinderDemoApp.swift */ = {isa = PBXFileReference; lastKnownFileType = sourcecode.swift; path = TinderDemoApp.swift; sourceTree = "<group>"; };
		3A4BEFD92BA7D86800B80407 /* Assets.xcassets */ = {isa = PBXFileReference; lastKnownFileType = folder.assetcatalog; path = Assets.xcassets; sourceTree = "<group>"; };
		3A4BEFDC2BA7D86800B80407 /* Preview Assets.xcassets */ = {isa = PBXFileReference; lastKnownFileType = folder.assetcatalog; path = "Preview Assets.xcassets"; sourceTree = "<group>"; };
		3A4BEFF02BA7D92400B80407 /* MainTabView.swift */ = {isa = PBXFileReference; lastKnownFileType = sourcecode.swift; path = MainTabView.swift; sourceTree = "<group>"; };
		3A4BEFF32BA7DB0B00B80407 /* CardCellView.swift */ = {isa = PBXFileReference; lastKnownFileType = sourcecode.swift; path = CardCellView.swift; sourceTree = "<group>"; };
		3A4BEFF52BA7DBFE00B80407 /* UserInfoView.swift */ = {isa = PBXFileReference; lastKnownFileType = sourcecode.swift; path = UserInfoView.swift; sourceTree = "<group>"; };
		3A4BEFF72BA80CDD00B80407 /* SwipeActionIndicatorView.swift */ = {isa = PBXFileReference; lastKnownFileType = sourcecode.swift; path = SwipeActionIndicatorView.swift; sourceTree = "<group>"; };
		3A4BEFFA2BA80E8F00B80407 /* SizeConstant.swift */ = {isa = PBXFileReference; lastKnownFileType = sourcecode.swift; path = SizeConstant.swift; sourceTree = "<group>"; };
		3A4BEFFD2BA80FC200B80407 /* ImageScrollingOverlayView.swift */ = {isa = PBXFileReference; lastKnownFileType = sourcecode.swift; path = ImageScrollingOverlayView.swift; sourceTree = "<group>"; };
		3A4BEFFF2BA8131600B80407 /* CardImageIndicatorView.swift */ = {isa = PBXFileReference; lastKnownFileType = sourcecode.swift; path = CardImageIndicatorView.swift; sourceTree = "<group>"; };
		3A4BF0012BA8158100B80407 /* CardStackView.swift */ = {isa = PBXFileReference; lastKnownFileType = sourcecode.swift; path = CardStackView.swift; sourceTree = "<group>"; };
		3A4BF0032BA8177000B80407 /* User.swift */ = {isa = PBXFileReference; lastKnownFileType = sourcecode.swift; path = User.swift; sourceTree = "<group>"; };
		3A4BF0052BA817C500B80407 /* CardModel.swift */ = {isa = PBXFileReference; lastKnownFileType = sourcecode.swift; path = CardModel.swift; sourceTree = "<group>"; };
		3A4BF0082BA8180600B80407 /* CardViewModel.swift */ = {isa = PBXFileReference; lastKnownFileType = sourcecode.swift; path = CardViewModel.swift; sourceTree = "<group>"; };
		3A4BF00C2BA8186A00B80407 /* CardService.swift */ = {isa = PBXFileReference; lastKnownFileType = sourcecode.swift; path = CardService.swift; sourceTree = "<group>"; };
		3A4BF00F2BA8191200B80407 /* MockData.swift */ = {isa = PBXFileReference; lastKnownFileType = sourcecode.swift; path = MockData.swift; sourceTree = "<group>"; };
		3A4BF0132BA8639D00B80407 /* SwipeActionButtonsView.swift */ = {isa = PBXFileReference; lastKnownFileType = sourcecode.swift; path = SwipeActionButtonsView.swift; sourceTree = "<group>"; };
		3A4BF0152BA864C600B80407 /* SwipeAction.swift */ = {isa = PBXFileReference; lastKnownFileType = sourcecode.swift; path = SwipeAction.swift; sourceTree = "<group>"; };
		3A4BF0172BA86C8600B80407 /* README.md */ = {isa = PBXFileReference; lastKnownFileType = net.daringfireball.markdown; path = README.md; sourceTree = "<group>"; };
		3A4BF0182BA870AB00B80407 /* CardView.swift */ = {isa = PBXFileReference; lastKnownFileType = sourcecode.swift; path = CardView.swift; sourceTree = "<group>"; };
		3A4BF01A2BA9D14000B80407 /* UserProfileView.swift */ = {isa = PBXFileReference; lastKnownFileType = sourcecode.swift; path = UserProfileView.swift; sourceTree = "<group>"; };
		3A4BF01E2BAB967E00B80407 /* CurrentUserProfileView.swift */ = {isa = PBXFileReference; lastKnownFileType = sourcecode.swift; path = CurrentUserProfileView.swift; sourceTree = "<group>"; };
		3A4BF0202BAB96A600B80407 /* CurrentUserProfileHeaderView.swift */ = {isa = PBXFileReference; lastKnownFileType = sourcecode.swift; path = CurrentUserProfileHeaderView.swift; sourceTree = "<group>"; };
		3A4BF0232BAB9A1E00B80407 /* EditProfileView.swift */ = {isa = PBXFileReference; lastKnownFileType = sourcecode.swift; path = EditProfileView.swift; sourceTree = "<group>"; };
		3A4BF0252BAB9B0800B80407 /* ProfileImageGridView.swift */ = {isa = PBXFileReference; lastKnownFileType = sourcecode.swift; path = ProfileImageGridView.swift; sourceTree = "<group>"; };
		3A4BF0282BABA13D00B80407 /* UserMatchView.swift */ = {isa = PBXFileReference; lastKnownFileType = sourcecode.swift; path = UserMatchView.swift; sourceTree = "<group>"; };
		3A4BF02B2BABA52B00B80407 /* MatchManager.swift */ = {isa = PBXFileReference; lastKnownFileType = sourcecode.swift; path = MatchManager.swift; sourceTree = "<group>"; };
/* End PBXFileReference section */

/* Begin PBXFrameworksBuildPhase section */
		3A4BEFCF2BA7D86600B80407 /* Frameworks */ = {
			isa = PBXFrameworksBuildPhase;
			buildActionMask = 2147483647;
			files = (
			);
			runOnlyForDeploymentPostprocessing = 0;
		};
/* End PBXFrameworksBuildPhase section */

/* Begin PBXGroup section */
		3A4BEFC92BA7D86600B80407 = {
			isa = PBXGroup;
			children = (
				3A4BEFD42BA7D86600B80407 /* TinderDemo */,
				3A4BEFD32BA7D86600B80407 /* Products */,
			);
			sourceTree = "<group>";
		};
		3A4BEFD32BA7D86600B80407 /* Products */ = {
			isa = PBXGroup;
			children = (
				3A4BEFD22BA7D86600B80407 /* TinderDemo.app */,
			);
			name = Products;
			sourceTree = "<group>";
		};
		3A4BEFD42BA7D86600B80407 /* TinderDemo */ = {
			isa = PBXGroup;
			children = (
				3A4BEFE32BA7D87C00B80407 /* App */,
				3A4BEFE82BA7D88800B80407 /* Core */,
				3A4BEFE72BA7D88600B80407 /* Component */,
				3A4BEFE62BA7D88500B80407 /* Feature */,
				3A4BEFE52BA7D88300B80407 /* Model */,
				3A4BEFD92BA7D86800B80407 /* Assets.xcassets */,
				3A4BEFDB2BA7D86800B80407 /* Preview Content */,
				3A4BF0172BA86C8600B80407 /* README.md */,
			);
			path = TinderDemo;
			sourceTree = "<group>";
		};
		3A4BEFDB2BA7D86800B80407 /* Preview Content */ = {
			isa = PBXGroup;
			children = (
				3A4BEFDC2BA7D86800B80407 /* Preview Assets.xcassets */,
			);
			path = "Preview Content";
			sourceTree = "<group>";
		};
		3A4BEFE32BA7D87C00B80407 /* App */ = {
			isa = PBXGroup;
			children = (
				3A4BEFD52BA7D86600B80407 /* TinderDemoApp.swift */,
				3A4BEFE42BA7D88200B80407 /* New Group */,
			);
			path = App;
			sourceTree = "<group>";
		};
		3A4BEFE42BA7D88200B80407 /* New Group */ = {
			isa = PBXGroup;
			children = (
			);
			path = "New Group";
			sourceTree = "<group>";
		};
		3A4BEFE52BA7D88300B80407 /* Model */ = {
			isa = PBXGroup;
			children = (
				3A4BF0112BA85CED00B80407 /* Card */,
				3A4BF00E2BA8190600B80407 /* MockData */,
				3A4BF0032BA8177000B80407 /* User.swift */,
				3A4BF0152BA864C600B80407 /* SwipeAction.swift */,
			);
			path = Model;
			sourceTree = "<group>";
		};
		3A4BEFE62BA7D88500B80407 /* Feature */ = {
			isa = PBXGroup;
			children = (
				3A4BF0272BABA12D00B80407 /* Matches */,
				3A4BEFEC2BA7D8E300B80407 /* Cards */,
				3A4BEFEF2BA7D8F500B80407 /* Messaging */,
				3A4BEFED2BA7D8E800B80407 /* Profile */,
				3A4BEFEE2BA7D8EF00B80407 /* Search */,
				3A4BEFEB2BA7D8DE00B80407 /* Tab */,
			);
			path = Feature;
			sourceTree = "<group>";
		};
		3A4BEFE72BA7D88600B80407 /* Component */ = {
			isa = PBXGroup;
			children = (
				3A4BEFF92BA80E7300B80407 /* Constant */,
			);
			path = Component;
			sourceTree = "<group>";
		};
		3A4BEFE82BA7D88800B80407 /* Core */ = {
			isa = PBXGroup;
			children = (
				3A4BF00B2BA8185F00B80407 /* Service */,
				3A4BEFE92BA7D8B400B80407 /* Extension */,
				3A4BEFEA2BA7D8C000B80407 /* Shared */,
			);
			path = Core;
			sourceTree = "<group>";
		};
		3A4BEFE92BA7D8B400B80407 /* Extension */ = {
			isa = PBXGroup;
			children = (
			);
			path = Extension;
			sourceTree = "<group>";
		};
		3A4BEFEA2BA7D8C000B80407 /* Shared */ = {
			isa = PBXGroup;
			children = (
			);
			path = Shared;
			sourceTree = "<group>";
		};
		3A4BEFEB2BA7D8DE00B80407 /* Tab */ = {
			isa = PBXGroup;
			children = (
				3A4BEFF02BA7D92400B80407 /* MainTabView.swift */,
			);
			path = Tab;
			sourceTree = "<group>";
		};
		3A4BEFEC2BA7D8E300B80407 /* Cards */ = {
			isa = PBXGroup;
			children = (
				3A4BF0182BA870AB00B80407 /* CardView.swift */,
				3A4BF0082BA8180600B80407 /* CardViewModel.swift */,
				3A4BEFF22BA7DAF400B80407 /* View */,
			);
			path = Cards;
			sourceTree = "<group>";
		};
		3A4BEFED2BA7D8E800B80407 /* Profile */ = {
			isa = PBXGroup;
			children = (
				3A4BF01D2BAB966800B80407 /* CurrentUserProfile */,
				3A4BF0222BAB9A0800B80407 /* EditProfile */,
				3A4BF01C2BAB966000B80407 /* UserProfile */,
			);
			path = Profile;
			sourceTree = "<group>";
		};
		3A4BEFEE2BA7D8EF00B80407 /* Search */ = {
			isa = PBXGroup;
			children = (
			);
			path = Search;
			sourceTree = "<group>";
		};
		3A4BEFEF2BA7D8F500B80407 /* Messaging */ = {
			isa = PBXGroup;
			children = (
			);
			path = Messaging;
			sourceTree = "<group>";
		};
		3A4BEFF22BA7DAF400B80407 /* View */ = {
			isa = PBXGroup;
			children = (
				3A4BF0012BA8158100B80407 /* CardStackView.swift */,
				3A4BEFF32BA7DB0B00B80407 /* CardCellView.swift */,
				3A4BEFF52BA7DBFE00B80407 /* UserInfoView.swift */,
				3A4BEFF72BA80CDD00B80407 /* SwipeActionIndicatorView.swift */,
				3A4BEFFD2BA80FC200B80407 /* ImageScrollingOverlayView.swift */,
				3A4BEFFF2BA8131600B80407 /* CardImageIndicatorView.swift */,
				3A4BF0132BA8639D00B80407 /* SwipeActionButtonsView.swift */,
			);
			path = View;
			sourceTree = "<group>";
		};
		3A4BEFF92BA80E7300B80407 /* Constant */ = {
			isa = PBXGroup;
			children = (
				3A4BEFFA2BA80E8F00B80407 /* SizeConstant.swift */,
			);
			path = Constant;
			sourceTree = "<group>";
		};
		3A4BF00B2BA8185F00B80407 /* Service */ = {
			isa = PBXGroup;
			children = (
				3A4BF00C2BA8186A00B80407 /* CardService.swift */,
			);
			path = Service;
			sourceTree = "<group>";
		};
		3A4BF00E2BA8190600B80407 /* MockData */ = {
			isa = PBXGroup;
			children = (
				3A4BF00F2BA8191200B80407 /* MockData.swift */,
			);
			path = MockData;
			sourceTree = "<group>";
		};
		3A4BF0112BA85CED00B80407 /* Card */ = {
			isa = PBXGroup;
			children = (
				3A4BF0052BA817C500B80407 /* CardModel.swift */,
			);
			path = Card;
			sourceTree = "<group>";
		};
		3A4BF01C2BAB966000B80407 /* UserProfile */ = {
			isa = PBXGroup;
			children = (
				3A4BF01A2BA9D14000B80407 /* UserProfileView.swift */,
			);
			path = UserProfile;
			sourceTree = "<group>";
		};
		3A4BF01D2BAB966800B80407 /* CurrentUserProfile */ = {
			isa = PBXGroup;
			children = (
				3A4BF01E2BAB967E00B80407 /* CurrentUserProfileView.swift */,
				3A4BF0202BAB96A600B80407 /* CurrentUserProfileHeaderView.swift */,
			);
			path = CurrentUserProfile;
			sourceTree = "<group>";
		};
		3A4BF0222BAB9A0800B80407 /* EditProfile */ = {
			isa = PBXGroup;
			children = (
				3A4BF0232BAB9A1E00B80407 /* EditProfileView.swift */,
				3A4BF0252BAB9B0800B80407 /* ProfileImageGridView.swift */,
			);
			path = EditProfile;
			sourceTree = "<group>";
		};
		3A4BF0272BABA12D00B80407 /* Matches */ = {
			isa = PBXGroup;
			children = (
				3A4BF02A2BABA52100B80407 /* Manager */,
				3A4BF0282BABA13D00B80407 /* UserMatchView.swift */,
			);
			path = Matches;
			sourceTree = "<group>";
		};
		3A4BF02A2BABA52100B80407 /* Manager */ = {
			isa = PBXGroup;
			children = (
				3A4BF02B2BABA52B00B80407 /* MatchManager.swift */,
			);
			path = Manager;
			sourceTree = "<group>";
		};
/* End PBXGroup section */

/* Begin PBXNativeTarget section */
		3A4BEFD12BA7D86600B80407 /* TinderDemo */ = {
			isa = PBXNativeTarget;
			buildConfigurationList = 3A4BEFE02BA7D86800B80407 /* Build configuration list for PBXNativeTarget "TinderDemo" */;
			buildPhases = (
				3A4BEFCE2BA7D86600B80407 /* Sources */,
				3A4BEFCF2BA7D86600B80407 /* Frameworks */,
				3A4BEFD02BA7D86600B80407 /* Resources */,
			);
			buildRules = (
			);
			dependencies = (
			);
			name = TinderDemo;
			productName = TinderDemo;
			productReference = 3A4BEFD22BA7D86600B80407 /* TinderDemo.app */;
			productType = "com.apple.product-type.application";
		};
/* End PBXNativeTarget section */

/* Begin PBXProject section */
		3A4BEFCA2BA7D86600B80407 /* Project object */ = {
			isa = PBXProject;
			attributes = {
				BuildIndependentTargetsInParallel = 1;
				LastSwiftUpdateCheck = 1520;
				LastUpgradeCheck = 1520;
				TargetAttributes = {
					3A4BEFD12BA7D86600B80407 = {
						CreatedOnToolsVersion = 15.2;
					};
				};
			};
			buildConfigurationList = 3A4BEFCD2BA7D86600B80407 /* Build configuration list for PBXProject "TinderDemo" */;
			compatibilityVersion = "Xcode 14.0";
			developmentRegion = en;
			hasScannedForEncodings = 0;
			knownRegions = (
				en,
				Base,
			);
			mainGroup = 3A4BEFC92BA7D86600B80407;
			productRefGroup = 3A4BEFD32BA7D86600B80407 /* Products */;
			projectDirPath = "";
			projectRoot = "";
			targets = (
				3A4BEFD12BA7D86600B80407 /* TinderDemo */,
			);
		};
/* End PBXProject section */

/* Begin PBXResourcesBuildPhase section */
		3A4BEFD02BA7D86600B80407 /* Resources */ = {
			isa = PBXResourcesBuildPhase;
			buildActionMask = 2147483647;
			files = (
				3A4BEFDD2BA7D86800B80407 /* Preview Assets.xcassets in Resources */,
				3A4BEFDA2BA7D86800B80407 /* Assets.xcassets in Resources */,
			);
			runOnlyForDeploymentPostprocessing = 0;
		};
/* End PBXResourcesBuildPhase section */

/* Begin PBXSourcesBuildPhase section */
		3A4BEFCE2BA7D86600B80407 /* Sources */ = {
			isa = PBXSourcesBuildPhase;
			buildActionMask = 2147483647;
			files = (
				3A4BF0242BAB9A1E00B80407 /* EditProfileView.swift in Sources */,
				3A4BF00D2BA8186A00B80407 /* CardService.swift in Sources */,
				3A4BF01F2BAB967E00B80407 /* CurrentUserProfileView.swift in Sources */,
				3A4BF01B2BA9D14000B80407 /* UserProfileView.swift in Sources */,
				3A4BEFF82BA80CDD00B80407 /* SwipeActionIndicatorView.swift in Sources */,
				3A4BF0212BAB96A600B80407 /* CurrentUserProfileHeaderView.swift in Sources */,
				3A4BF0162BA864C600B80407 /* SwipeAction.swift in Sources */,
				3A4BEFF12BA7D92400B80407 /* MainTabView.swift in Sources */,
				3A4BF0102BA8191200B80407 /* MockData.swift in Sources */,
				3A4BEFF42BA7DB0B00B80407 /* CardCellView.swift in Sources */,
				3A4BF0002BA8131600B80407 /* CardImageIndicatorView.swift in Sources */,
				3A4BF0142BA8639D00B80407 /* SwipeActionButtonsView.swift in Sources */,
				3A4BF0062BA817C500B80407 /* CardModel.swift in Sources */,
				3A4BF02C2BABA52B00B80407 /* MatchManager.swift in Sources */,
				3A4BF0292BABA13D00B80407 /* UserMatchView.swift in Sources */,
				3A4BF0022BA8158100B80407 /* CardStackView.swift in Sources */,
				3A4BF0262BAB9B0800B80407 /* ProfileImageGridView.swift in Sources */,
				3A4BEFD62BA7D86600B80407 /* TinderDemoApp.swift in Sources */,
				3A4BF0092BA8180600B80407 /* CardViewModel.swift in Sources */,
				3A4BEFFB2BA80E8F00B80407 /* SizeConstant.swift in Sources */,
				3A4BEFF62BA7DBFE00B80407 /* UserInfoView.swift in Sources */,
				3A4BEFFE2BA80FC200B80407 /* ImageScrollingOverlayView.swift in Sources */,
				3A4BF0192BA870AB00B80407 /* CardView.swift in Sources */,
				3A4BF0042BA8177000B80407 /* User.swift in Sources */,
			);
			runOnlyForDeploymentPostprocessing = 0;
		};
/* End PBXSourcesBuildPhase section */

/* Begin XCBuildConfiguration section */
		3A4BEFDE2BA7D86800B80407 /* Debug */ = {
			isa = XCBuildConfiguration;
			buildSettings = {
				ALWAYS_SEARCH_USER_PATHS = NO;
				ASSETCATALOG_COMPILER_GENERATE_SWIFT_ASSET_SYMBOL_EXTENSIONS = YES;
				CLANG_ANALYZER_NONNULL = YES;
				CLANG_ANALYZER_NUMBER_OBJECT_CONVERSION = YES_AGGRESSIVE;
				CLANG_CXX_LANGUAGE_STANDARD = "gnu++20";
				CLANG_ENABLE_MODULES = YES;
				CLANG_ENABLE_OBJC_ARC = YES;
				CLANG_ENABLE_OBJC_WEAK = YES;
				CLANG_WARN_BLOCK_CAPTURE_AUTORELEASING = YES;
				CLANG_WARN_BOOL_CONVERSION = YES;
				CLANG_WARN_COMMA = YES;
				CLANG_WARN_CONSTANT_CONVERSION = YES;
				CLANG_WARN_DEPRECATED_OBJC_IMPLEMENTATIONS = YES;
				CLANG_WARN_DIRECT_OBJC_ISA_USAGE = YES_ERROR;
				CLANG_WARN_DOCUMENTATION_COMMENTS = YES;
				CLANG_WARN_EMPTY_BODY = YES;
				CLANG_WARN_ENUM_CONVERSION = YES;
				CLANG_WARN_INFINITE_RECURSION = YES;
				CLANG_WARN_INT_CONVERSION = YES;
				CLANG_WARN_NON_LITERAL_NULL_CONVERSION = YES;
				CLANG_WARN_OBJC_IMPLICIT_RETAIN_SELF = YES;
				CLANG_WARN_OBJC_LITERAL_CONVERSION = YES;
				CLANG_WARN_OBJC_ROOT_CLASS = YES_ERROR;
				CLANG_WARN_QUOTED_INCLUDE_IN_FRAMEWORK_HEADER = YES;
				CLANG_WARN_RANGE_LOOP_ANALYSIS = YES;
				CLANG_WARN_STRICT_PROTOTYPES = YES;
				CLANG_WARN_SUSPICIOUS_MOVE = YES;
				CLANG_WARN_UNGUARDED_AVAILABILITY = YES_AGGRESSIVE;
				CLANG_WARN_UNREACHABLE_CODE = YES;
				CLANG_WARN__DUPLICATE_METHOD_MATCH = YES;
				COPY_PHASE_STRIP = NO;
				DEBUG_INFORMATION_FORMAT = dwarf;
				ENABLE_STRICT_OBJC_MSGSEND = YES;
				ENABLE_TESTABILITY = YES;
				ENABLE_USER_SCRIPT_SANDBOXING = YES;
				GCC_C_LANGUAGE_STANDARD = gnu17;
				GCC_DYNAMIC_NO_PIC = NO;
				GCC_NO_COMMON_BLOCKS = YES;
				GCC_OPTIMIZATION_LEVEL = 0;
				GCC_PREPROCESSOR_DEFINITIONS = (
					"DEBUG=1",
					"$(inherited)",
				);
				GCC_WARN_64_TO_32_BIT_CONVERSION = YES;
				GCC_WARN_ABOUT_RETURN_TYPE = YES_ERROR;
				GCC_WARN_UNDECLARED_SELECTOR = YES;
				GCC_WARN_UNINITIALIZED_AUTOS = YES_AGGRESSIVE;
				GCC_WARN_UNUSED_FUNCTION = YES;
				GCC_WARN_UNUSED_VARIABLE = YES;
				IPHONEOS_DEPLOYMENT_TARGET = 17.2;
				LOCALIZATION_PREFERS_STRING_CATALOGS = YES;
				MTL_ENABLE_DEBUG_INFO = INCLUDE_SOURCE;
				MTL_FAST_MATH = YES;
				ONLY_ACTIVE_ARCH = YES;
				SDKROOT = iphoneos;
				SWIFT_ACTIVE_COMPILATION_CONDITIONS = "DEBUG $(inherited)";
				SWIFT_OPTIMIZATION_LEVEL = "-Onone";
			};
			name = Debug;
		};
		3A4BEFDF2BA7D86800B80407 /* Release */ = {
			isa = XCBuildConfiguration;
			buildSettings = {
				ALWAYS_SEARCH_USER_PATHS = NO;
				ASSETCATALOG_COMPILER_GENERATE_SWIFT_ASSET_SYMBOL_EXTENSIONS = YES;
				CLANG_ANALYZER_NONNULL = YES;
				CLANG_ANALYZER_NUMBER_OBJECT_CONVERSION = YES_AGGRESSIVE;
				CLANG_CXX_LANGUAGE_STANDARD = "gnu++20";
				CLANG_ENABLE_MODULES = YES;
				CLANG_ENABLE_OBJC_ARC = YES;
				CLANG_ENABLE_OBJC_WEAK = YES;
				CLANG_WARN_BLOCK_CAPTURE_AUTORELEASING = YES;
				CLANG_WARN_BOOL_CONVERSION = YES;
				CLANG_WARN_COMMA = YES;
				CLANG_WARN_CONSTANT_CONVERSION = YES;
				CLANG_WARN_DEPRECATED_OBJC_IMPLEMENTATIONS = YES;
				CLANG_WARN_DIRECT_OBJC_ISA_USAGE = YES_ERROR;
				CLANG_WARN_DOCUMENTATION_COMMENTS = YES;
				CLANG_WARN_EMPTY_BODY = YES;
				CLANG_WARN_ENUM_CONVERSION = YES;
				CLANG_WARN_INFINITE_RECURSION = YES;
				CLANG_WARN_INT_CONVERSION = YES;
				CLANG_WARN_NON_LITERAL_NULL_CONVERSION = YES;
				CLANG_WARN_OBJC_IMPLICIT_RETAIN_SELF = YES;
				CLANG_WARN_OBJC_LITERAL_CONVERSION = YES;
				CLANG_WARN_OBJC_ROOT_CLASS = YES_ERROR;
				CLANG_WARN_QUOTED_INCLUDE_IN_FRAMEWORK_HEADER = YES;
				CLANG_WARN_RANGE_LOOP_ANALYSIS = YES;
				CLANG_WARN_STRICT_PROTOTYPES = YES;
				CLANG_WARN_SUSPICIOUS_MOVE = YES;
				CLANG_WARN_UNGUARDED_AVAILABILITY = YES_AGGRESSIVE;
				CLANG_WARN_UNREACHABLE_CODE = YES;
				CLANG_WARN__DUPLICATE_METHOD_MATCH = YES;
				COPY_PHASE_STRIP = NO;
				DEBUG_INFORMATION_FORMAT = "dwarf-with-dsym";
				ENABLE_NS_ASSERTIONS = NO;
				ENABLE_STRICT_OBJC_MSGSEND = YES;
				ENABLE_USER_SCRIPT_SANDBOXING = YES;
				GCC_C_LANGUAGE_STANDARD = gnu17;
				GCC_NO_COMMON_BLOCKS = YES;
				GCC_WARN_64_TO_32_BIT_CONVERSION = YES;
				GCC_WARN_ABOUT_RETURN_TYPE = YES_ERROR;
				GCC_WARN_UNDECLARED_SELECTOR = YES;
				GCC_WARN_UNINITIALIZED_AUTOS = YES_AGGRESSIVE;
				GCC_WARN_UNUSED_FUNCTION = YES;
				GCC_WARN_UNUSED_VARIABLE = YES;
				IPHONEOS_DEPLOYMENT_TARGET = 17.2;
				LOCALIZATION_PREFERS_STRING_CATALOGS = YES;
				MTL_ENABLE_DEBUG_INFO = NO;
				MTL_FAST_MATH = YES;
				SDKROOT = iphoneos;
				SWIFT_COMPILATION_MODE = wholemodule;
				VALIDATE_PRODUCT = YES;
			};
			name = Release;
		};
		3A4BEFE12BA7D86800B80407 /* Debug */ = {
			isa = XCBuildConfiguration;
			buildSettings = {
				ASSETCATALOG_COMPILER_APPICON_NAME = AppIcon;
				ASSETCATALOG_COMPILER_GLOBAL_ACCENT_COLOR_NAME = AccentColor;
				CODE_SIGN_STYLE = Automatic;
				CURRENT_PROJECT_VERSION = 1;
				DEVELOPMENT_ASSET_PATHS = "\"TinderDemo/Preview Content\"";
				DEVELOPMENT_TEAM = D3AGUG8XDN;
				ENABLE_PREVIEWS = YES;
				GENERATE_INFOPLIST_FILE = YES;
				INFOPLIST_KEY_UIApplicationSceneManifest_Generation = YES;
				INFOPLIST_KEY_UIApplicationSupportsIndirectInputEvents = YES;
				INFOPLIST_KEY_UILaunchScreen_Generation = YES;
				INFOPLIST_KEY_UISupportedInterfaceOrientations_iPad = "UIInterfaceOrientationPortrait UIInterfaceOrientationPortraitUpsideDown UIInterfaceOrientationLandscapeLeft UIInterfaceOrientationLandscapeRight";
				INFOPLIST_KEY_UISupportedInterfaceOrientations_iPhone = "UIInterfaceOrientationPortrait UIInterfaceOrientationLandscapeLeft UIInterfaceOrientationLandscapeRight";
				LD_RUNPATH_SEARCH_PATHS = (
					"$(inherited)",
					"@executable_path/Frameworks",
				);
				MARKETING_VERSION = 1.0;
				PRODUCT_BUNDLE_IDENTIFIER = com.visiondeveloper.TinderDemo;
				PRODUCT_NAME = "$(TARGET_NAME)";
				SWIFT_EMIT_LOC_STRINGS = YES;
				SWIFT_VERSION = 5.0;
				TARGETED_DEVICE_FAMILY = "1,2";
			};
			name = Debug;
		};
		3A4BEFE22BA7D86800B80407 /* Release */ = {
			isa = XCBuildConfiguration;
			buildSettings = {
				ASSETCATALOG_COMPILER_APPICON_NAME = AppIcon;
				ASSETCATALOG_COMPILER_GLOBAL_ACCENT_COLOR_NAME = AccentColor;
				CODE_SIGN_STYLE = Automatic;
				CURRENT_PROJECT_VERSION = 1;
				DEVELOPMENT_ASSET_PATHS = "\"TinderDemo/Preview Content\"";
				DEVELOPMENT_TEAM = D3AGUG8XDN;
				ENABLE_PREVIEWS = YES;
				GENERATE_INFOPLIST_FILE = YES;
				INFOPLIST_KEY_UIApplicationSceneManifest_Generation = YES;
				INFOPLIST_KEY_UIApplicationSupportsIndirectInputEvents = YES;
				INFOPLIST_KEY_UILaunchScreen_Generation = YES;
				INFOPLIST_KEY_UISupportedInterfaceOrientations_iPad = "UIInterfaceOrientationPortrait UIInterfaceOrientationPortraitUpsideDown UIInterfaceOrientationLandscapeLeft UIInterfaceOrientationLandscapeRight";
				INFOPLIST_KEY_UISupportedInterfaceOrientations_iPhone = "UIInterfaceOrientationPortrait UIInterfaceOrientationLandscapeLeft UIInterfaceOrientationLandscapeRight";
				LD_RUNPATH_SEARCH_PATHS = (
					"$(inherited)",
					"@executable_path/Frameworks",
				);
				MARKETING_VERSION = 1.0;
				PRODUCT_BUNDLE_IDENTIFIER = com.visiondeveloper.TinderDemo;
				PRODUCT_NAME = "$(TARGET_NAME)";
				SWIFT_EMIT_LOC_STRINGS = YES;
				SWIFT_VERSION = 5.0;
				TARGETED_DEVICE_FAMILY = "1,2";
			};
			name = Release;
		};
/* End XCBuildConfiguration section */

/* Begin XCConfigurationList section */
		3A4BEFCD2BA7D86600B80407 /* Build configuration list for PBXProject "TinderDemo" */ = {
			isa = XCConfigurationList;
			buildConfigurations = (
				3A4BEFDE2BA7D86800B80407 /* Debug */,
				3A4BEFDF2BA7D86800B80407 /* Release */,
			);
			defaultConfigurationIsVisible = 0;
			defaultConfigurationName = Release;
		};
		3A4BEFE02BA7D86800B80407 /* Build configuration list for PBXNativeTarget "TinderDemo" */ = {
			isa = XCConfigurationList;
			buildConfigurations = (
				3A4BEFE12BA7D86800B80407 /* Debug */,
				3A4BEFE22BA7D86800B80407 /* Release */,
			);
			defaultConfigurationIsVisible = 0;
			defaultConfigurationName = Release;
		};
/* End XCConfigurationList section */
	};
	rootObject = 3A4BEFCA2BA7D86600B80407 /* Project object */;
}
